{
  "name": "sdksamples",
  "version": "1.5.0",
  "lockfileVersion": 3,
  "requires": true,
  "packages": {
    "": {
      "name": "sdksamples",
      "version": "1.5.0",
      "license": "Apache-2.0",
      "dependencies": {
        "@dynatrace/oneagent-sdk": "^1.5.0"
      },
      "engines": {
        "node": ">= 10.0.0"
      }
    },
    "node_modules/@dynatrace/oneagent-sdk": {
      "version": "1.5.0",
      "resolved": "https://registry.npmjs.org/@dynatrace/oneagent-sdk/-/oneagent-sdk-1.5.0.tgz",
      "integrity": "sha512-rnowkg3CKbNdxY6B0P/KSPa2u4fU8vRsrhbGB0YJsiVUS3LJsCvnleMqjK5q9/HrhJ4n+UPuT52NcddKzg0p/g==",
      "license": "Apache-2.0",
      "engines": {
        "node": ">= 10.0.0"
      }
    }
  }
}
